
Microsoft Visual Studio Solution File, Format Version 12.00
# Visual Studio 14
VisualStudioVersion = 14.0.23107.0
MinimumVisualStudioVersion = 10.0.40219.1
Project("{FAE04EC0-301F-11D3-BF4B-00C04F79EFBC}") = "Template1N305", "n305\Template1N305.csproj", "{2561F990-E3C0-4BEC-A2D3-02522936C047}"
EndProject
Project("{FAE04EC0-301F-11D3-BF4B-00C04F79EFBC}") = "Template1N305.Tests", "n305.Tests\Template1N305.Tests.csproj", "{91EA4C68-6BA6-413E-8C4F-AC2DE32EED4A}"
EndProject
Global
	GlobalSection(SolutionConfigurationPlatforms) = preSolution
		Debug|Any CPU = Debug|Any CPU
		Release|Any CPU = Release|Any CPU
	EndGlobalSection
	GlobalSection(ProjectConfigurationPlatforms) = postSolution
		{2561F990-E3C0-4BEC-A2D3-02522936C047}.Debug|Any CPU.ActiveCfg = Debug|Any CPU
		{2561F990-E3C0-4BEC-A2D3-02522936C047}.Debug|Any CPU.Build.0 = Debug|Any CPU
		{2561F990-E3C0-4BEC-A2D3-02522936C047}.Release|Any CPU.ActiveCfg = Release|Any CPU
		{2561F990-E3C0-4BEC-A2D3-02522936C047}.Release|Any CPU.Build.0 = Release|Any CPU
		{91EA4C68-6BA6-413E-8C4F-AC2DE32EED4A}.Debug|Any CPU.ActiveCfg = Debug|Any CPU
		{91EA4C68-6BA6-413E-8C4F-AC2DE32EED4A}.Debug|Any CPU.Build.0 = Debug|Any CPU
		{91EA4C68-6BA6-413E-8C4F-AC2DE32EED4A}.Release|Any CPU.ActiveCfg = Release|Any CPU
		{91EA4C68-6BA6-413E-8C4F-AC2DE32EED4A}.Release|Any CPU.Build.0 = Release|Any CPU
	EndGlobalSection
	GlobalSection(SolutionProperties) = preSolution
		HideSolutionNode = FALSE
	EndGlobalSection
EndGlobal
